// !$*UTF8*$!
{
	archiveVersion = 1;
	classes = {
	};
	objectVersion = 46;
	objects = {

/* Begin PBXBuildFile section */
		073203EA1E5206FA00991F19 /* EfficiencyViewController.m in Sources */ = {isa = PBXBuildFile; fileRef = 073203E91E5206FA00991F19 /* EfficiencyViewController.m */; };
		076F3DB31E17771E006999E9 /* Timer.m in Sources */ = {isa = PBXBuildFile; fileRef = 076F3DB21E17771E006999E9 /* Timer.m */; };
		07ADCFAC1E1C75F600EA7BA9 /* Activity.m in Sources */ = {isa = PBXBuildFile; fileRef = 07ADCFAB1E1C75F600EA7BA9 /* Activity.m */; };
		07B8CB921EC80312003570BF /* Charts.framework in Frameworks */ = {isa = PBXBuildFile; fileRef = 07B8CB8F1EC8030C003570BF /* Charts.framework */; };
		07B8CB931EC80312003570BF /* Charts.framework in Embed Frameworks */ = {isa = PBXBuildFile; fileRef = 07B8CB8F1EC8030C003570BF /* Charts.framework */; settings = {ATTRIBUTES = (CodeSignOnCopy, RemoveHeadersOnCopy, ); }; };
		07E14DB71E136E11002A6ED0 /* TimerViewController.m in Sources */ = {isa = PBXBuildFile; fileRef = 07E14DB61E136E11002A6ED0 /* TimerViewController.m */; };
		836E08D91E175F0D00B3FEA5 /* DBManager.m in Sources */ = {isa = PBXBuildFile; fileRef = 836E08D81E175F0D00B3FEA5 /* DBManager.m */; };
		836E08DC1E176D5D00B3FEA5 /* libsqlite3.tbd in Frameworks */ = {isa = PBXBuildFile; fileRef = 836E08DB1E176D5D00B3FEA5 /* libsqlite3.tbd */; };
		8385B9561E5C0334000C53A0 /* lifetime_db.db in Resources */ = {isa = PBXBuildFile; fileRef = 8385B9551E5BFC58000C53A0 /* lifetime_db.db */; };
		8385BE0F1E25B6770081A8C3 /* EFCircularSlider.m in Sources */ = {isa = PBXBuildFile; fileRef = 8385BE0E1E25B6770081A8C3 /* EFCircularSlider.m */; };
		83D84E981E136BB100FF2B04 /* main.m in Sources */ = {isa = PBXBuildFile; fileRef = 83D84E971E136BB100FF2B04 /* main.m */; };
		83D84E9B1E136BB100FF2B04 /* AppDelegate.m in Sources */ = {isa = PBXBuildFile; fileRef = 83D84E9A1E136BB100FF2B04 /* AppDelegate.m */; };
		83D84EA11E136BB100FF2B04 /* Main.storyboard in Resources */ = {isa = PBXBuildFile; fileRef = 83D84E9F1E136BB100FF2B04 /* Main.storyboard */; };
		83D84EA31E136BB100FF2B04 /* Assets.xcassets in Resources */ = {isa = PBXBuildFile; fileRef = 83D84EA21E136BB100FF2B04 /* Assets.xcassets */; };
		83D84EA61E136BB100FF2B04 /* LaunchScreen.storyboard in Resources */ = {isa = PBXBuildFile; fileRef = 83D84EA41E136BB100FF2B04 /* LaunchScreen.storyboard */; };
/* End PBXBuildFile section */

/* Begin PBXContainerItemProxy section */
		07B8CB8E1EC8030C003570BF /* PBXContainerItemProxy */ = {
			isa = PBXContainerItemProxy;
			containerPortal = 07B8CB891EC8030C003570BF /* Charts.xcodeproj */;
			proxyType = 2;
			remoteGlobalIDString = 06165F241D8110E600722320;
			remoteInfo = Charts;
		};
		07B8CB901EC8030C003570BF /* PBXContainerItemProxy */ = {
			isa = PBXContainerItemProxy;
			containerPortal = 07B8CB891EC8030C003570BF /* Charts.xcodeproj */;
			proxyType = 2;
			remoteGlobalIDString = 06165F2E1D8110E600722320;
			remoteInfo = ChartsTests;
		};
		07B8CB941EC80312003570BF /* PBXContainerItemProxy */ = {
			isa = PBXContainerItemProxy;
			containerPortal = 07B8CB891EC8030C003570BF /* Charts.xcodeproj */;
			proxyType = 1;
			remoteGlobalIDString = 06165F231D8110E600722320;
			remoteInfo = Charts;
		};
/* End PBXContainerItemProxy section */

/* Begin PBXCopyFilesBuildPhase section */
		07B8CB961EC80312003570BF /* Embed Frameworks */ = {
			isa = PBXCopyFilesBuildPhase;
			buildActionMask = 2147483647;
			dstPath = "";
			dstSubfolderSpec = 10;
			files = (
				07B8CB931EC80312003570BF /* Charts.framework in Embed Frameworks */,
			);
			name = "Embed Frameworks";
			runOnlyForDeploymentPostprocessing = 0;
		};
/* End PBXCopyFilesBuildPhase section */

/* Begin PBXFileReference section */
		073203E81E5206FA00991F19 /* EfficiencyViewController.h */ = {isa = PBXFileReference; fileEncoding = 4; lastKnownFileType = sourcecode.c.h; path = EfficiencyViewController.h; sourceTree = "<group>"; };
		073203E91E5206FA00991F19 /* EfficiencyViewController.m */ = {isa = PBXFileReference; fileEncoding = 4; lastKnownFileType = sourcecode.c.objc; path = EfficiencyViewController.m; sourceTree = "<group>"; };
		076F3DB11E17771E006999E9 /* Timer.h */ = {isa = PBXFileReference; fileEncoding = 4; lastKnownFileType = sourcecode.c.h; path = Timer.h; sourceTree = "<group>"; };
		076F3DB21E17771E006999E9 /* Timer.m */ = {isa = PBXFileReference; fileEncoding = 4; lastKnownFileType = sourcecode.c.objc; path = Timer.m; sourceTree = "<group>"; };
		07ADCFAA1E1C75F600EA7BA9 /* Activity.h */ = {isa = PBXFileReference; fileEncoding = 4; lastKnownFileType = sourcecode.c.h; path = Activity.h; sourceTree = "<group>"; };
		07ADCFAB1E1C75F600EA7BA9 /* Activity.m */ = {isa = PBXFileReference; fileEncoding = 4; lastKnownFileType = sourcecode.c.objc; path = Activity.m; sourceTree = "<group>"; };
		07B8CB891EC8030C003570BF /* Charts.xcodeproj */ = {isa = PBXFileReference; lastKnownFileType = "wrapper.pb-project"; name = Charts.xcodeproj; path = "../../downloads/Charts-master/Charts-master/Charts.xcodeproj"; sourceTree = "<group>"; };
		07B8CB971EC80341003570BF /* LifeTime-Swift.h */ = {isa = PBXFileReference; lastKnownFileType = sourcecode.c.h; path = "LifeTime-Swift.h"; sourceTree = SOURCE_ROOT; };
		07E14DB51E136E11002A6ED0 /* TimerViewController.h */ = {isa = PBXFileReference; fileEncoding = 4; lastKnownFileType = sourcecode.c.h; path = TimerViewController.h; sourceTree = "<group>"; };
		07E14DB61E136E11002A6ED0 /* TimerViewController.m */ = {isa = PBXFileReference; fileEncoding = 4; lastKnownFileType = sourcecode.c.objc; path = TimerViewController.m; sourceTree = "<group>"; };
		836E08D71E175F0D00B3FEA5 /* DBManager.h */ = {isa = PBXFileReference; fileEncoding = 4; lastKnownFileType = sourcecode.c.h; path = DBManager.h; sourceTree = "<group>"; };
		836E08D81E175F0D00B3FEA5 /* DBManager.m */ = {isa = PBXFileReference; fileEncoding = 4; lastKnownFileType = sourcecode.c.objc; path = DBManager.m; sourceTree = "<group>"; };
		836E08DB1E176D5D00B3FEA5 /* libsqlite3.tbd */ = {isa = PBXFileReference; lastKnownFileType = "sourcecode.text-based-dylib-definition"; name = libsqlite3.tbd; path = usr/lib/libsqlite3.tbd; sourceTree = SDKROOT; };
		8385B9551E5BFC58000C53A0 /* lifetime_db.db */ = {isa = PBXFileReference; lastKnownFileType = file; path = lifetime_db.db; sourceTree = "<group>"; };
		8385BE0D1E25B6770081A8C3 /* EFCircularSlider.h */ = {isa = PBXFileReference; fileEncoding = 4; lastKnownFileType = sourcecode.c.h; path = EFCircularSlider.h; sourceTree = "<group>"; };
		8385BE0E1E25B6770081A8C3 /* EFCircularSlider.m */ = {isa = PBXFileReference; fileEncoding = 4; lastKnownFileType = sourcecode.c.objc; path = EFCircularSlider.m; sourceTree = "<group>"; };
		83D84E931E136BB100FF2B04 /* LifeTime.app */ = {isa = PBXFileReference; explicitFileType = wrapper.application; includeInIndex = 0; path = LifeTime.app; sourceTree = BUILT_PRODUCTS_DIR; };
		83D84E971E136BB100FF2B04 /* main.m */ = {isa = PBXFileReference; lastKnownFileType = sourcecode.c.objc; path = main.m; sourceTree = "<group>"; };
		83D84E991E136BB100FF2B04 /* AppDelegate.h */ = {isa = PBXFileReference; lastKnownFileType = sourcecode.c.h; path = AppDelegate.h; sourceTree = "<group>"; };
		83D84E9A1E136BB100FF2B04 /* AppDelegate.m */ = {isa = PBXFileReference; lastKnownFileType = sourcecode.c.objc; path = AppDelegate.m; sourceTree = "<group>"; };
		83D84EA01E136BB100FF2B04 /* Base */ = {isa = PBXFileReference; lastKnownFileType = file.storyboard; name = Base; path = Base.lproj/Main.storyboard; sourceTree = "<group>"; };
		83D84EA21E136BB100FF2B04 /* Assets.xcassets */ = {isa = PBXFileReference; lastKnownFileType = folder.assetcatalog; path = Assets.xcassets; sourceTree = "<group>"; };
		83D84EA51E136BB100FF2B04 /* Base */ = {isa = PBXFileReference; lastKnownFileType = file.storyboard; name = Base; path = Base.lproj/LaunchScreen.storyboard; sourceTree = "<group>"; };
		83D84EA71E136BB100FF2B04 /* Info.plist */ = {isa = PBXFileReference; lastKnownFileType = text.plist.xml; path = Info.plist; sourceTree = "<group>"; };
/* End PBXFileReference section */

/* Begin PBXFrameworksBuildPhase section */
		83D84E901E136BB100FF2B04 /* Frameworks */ = {
			isa = PBXFrameworksBuildPhase;
			buildActionMask = 2147483647;
			files = (
				836E08DC1E176D5D00B3FEA5 /* libsqlite3.tbd in Frameworks */,
				07B8CB921EC80312003570BF /* Charts.framework in Frameworks */,
			);
			runOnlyForDeploymentPostprocessing = 0;
		};
/* End PBXFrameworksBuildPhase section */

/* Begin PBXGroup section */
		07B8CB8A1EC8030C003570BF /* Products */ = {
			isa = PBXGroup;
			children = (
				07B8CB8F1EC8030C003570BF /* Charts.framework */,
				07B8CB911EC8030C003570BF /* ChartsTests.xctest */,
			);
			name = Products;
			sourceTree = "<group>";
		};
		836E08DA1E176D5D00B3FEA5 /* Frameworks */ = {
			isa = PBXGroup;
			children = (
				836E08DB1E176D5D00B3FEA5 /* libsqlite3.tbd */,
			);
			name = Frameworks;
			sourceTree = "<group>";
		};
		8385BE0C1E25B6770081A8C3 /* EFCircularSlider */ = {
			isa = PBXGroup;
			children = (
				8385BE0D1E25B6770081A8C3 /* EFCircularSlider.h */,
				8385BE0E1E25B6770081A8C3 /* EFCircularSlider.m */,
			);
			path = EFCircularSlider;
			sourceTree = "<group>";
		};
		8385BE101E25B70D0081A8C3 /* ViewControllers */ = {
			isa = PBXGroup;
			children = (
				07E14DB51E136E11002A6ED0 /* TimerViewController.h */,
				07E14DB61E136E11002A6ED0 /* TimerViewController.m */,
				073203E81E5206FA00991F19 /* EfficiencyViewController.h */,
				073203E91E5206FA00991F19 /* EfficiencyViewController.m */,
			);
			name = ViewControllers;
			sourceTree = "<group>";
		};
		83D84E8A1E136BB100FF2B04 = {
			isa = PBXGroup;
			children = (
				07B8CB891EC8030C003570BF /* Charts.xcodeproj */,
				83D84E951E136BB100FF2B04 /* LifeTime */,
				83D84E941E136BB100FF2B04 /* Products */,
				836E08DA1E176D5D00B3FEA5 /* Frameworks */,
			);
			sourceTree = "<group>";
		};
		83D84E941E136BB100FF2B04 /* Products */ = {
			isa = PBXGroup;
			children = (
				83D84E931E136BB100FF2B04 /* LifeTime.app */,
			);
			name = Products;
			sourceTree = "<group>";
		};
		83D84E951E136BB100FF2B04 /* LifeTime */ = {
			isa = PBXGroup;
			children = (
				8385B9551E5BFC58000C53A0 /* lifetime_db.db */,
				07B8CB971EC80341003570BF /* LifeTime-Swift.h */,
				8385BE0C1E25B6770081A8C3 /* EFCircularSlider */,
				83D84E991E136BB100FF2B04 /* AppDelegate.h */,
				83D84E9A1E136BB100FF2B04 /* AppDelegate.m */,
				8385BE101E25B70D0081A8C3 /* ViewControllers */,
				836E08D71E175F0D00B3FEA5 /* DBManager.h */,
				836E08D81E175F0D00B3FEA5 /* DBManager.m */,
				07ADCFAA1E1C75F600EA7BA9 /* Activity.h */,
				07ADCFAB1E1C75F600EA7BA9 /* Activity.m */,
				076F3DB11E17771E006999E9 /* Timer.h */,
				076F3DB21E17771E006999E9 /* Timer.m */,
				83D84E9F1E136BB100FF2B04 /* Main.storyboard */,
				83D84EA21E136BB100FF2B04 /* Assets.xcassets */,
				83D84EA41E136BB100FF2B04 /* LaunchScreen.storyboard */,
				83D84EA71E136BB100FF2B04 /* Info.plist */,
				83D84E961E136BB100FF2B04 /* Supporting Files */,
			);
			path = LifeTime;
			sourceTree = "<group>";
		};
		83D84E961E136BB100FF2B04 /* Supporting Files */ = {
			isa = PBXGroup;
			children = (
				83D84E971E136BB100FF2B04 /* main.m */,
			);
			name = "Supporting Files";
			sourceTree = "<group>";
		};
/* End PBXGroup section */

/* Begin PBXNativeTarget section */
		83D84E921E136BB100FF2B04 /* LifeTime */ = {
			isa = PBXNativeTarget;
			buildConfigurationList = 83D84EAA1E136BB100FF2B04 /* Build configuration list for PBXNativeTarget "LifeTime" */;
			buildPhases = (
				83D84E8F1E136BB100FF2B04 /* Sources */,
				83D84E901E136BB100FF2B04 /* Frameworks */,
				83D84E911E136BB100FF2B04 /* Resources */,
				07B8CB961EC80312003570BF /* Embed Frameworks */,
			);
			buildRules = (
			);
			dependencies = (
				07B8CB951EC80312003570BF /* PBXTargetDependency */,
			);
			name = LifeTime;
			productName = LifeTime;
			productReference = 83D84E931E136BB100FF2B04 /* LifeTime.app */;
			productType = "com.apple.product-type.application";
		};
/* End PBXNativeTarget section */

/* Begin PBXProject section */
		83D84E8B1E136BB100FF2B04 /* Project object */ = {
			isa = PBXProject;
			attributes = {
				LastUpgradeCheck = 0820;
				ORGANIZATIONNAME = DaekunKim;
				TargetAttributes = {
					83D84E921E136BB100FF2B04 = {
						CreatedOnToolsVersion = 8.2.1;
						ProvisioningStyle = Automatic;
					};
				};
			};
			buildConfigurationList = 83D84E8E1E136BB100FF2B04 /* Build configuration list for PBXProject "LifeTime" */;
			compatibilityVersion = "Xcode 3.2";
			developmentRegion = English;
			hasScannedForEncodings = 0;
			knownRegions = (
				en,
				Base,
			);
			mainGroup = 83D84E8A1E136BB100FF2B04;
			productRefGroup = 83D84E941E136BB100FF2B04 /* Products */;
			projectDirPath = "";
			projectReferences = (
				{
					ProductGroup = 07B8CB8A1EC8030C003570BF /* Products */;
					ProjectRef = 07B8CB891EC8030C003570BF /* Charts.xcodeproj */;
				},
			);
			projectRoot = "";
			targets = (
				83D84E921E136BB100FF2B04 /* LifeTime */,
			);
		};
/* End PBXProject section */

/* Begin PBXReferenceProxy section */
		07B8CB8F1EC8030C003570BF /* Charts.framework */ = {
			isa = PBXReferenceProxy;
			fileType = wrapper.framework;
			path = Charts.framework;
			remoteRef = 07B8CB8E1EC8030C003570BF /* PBXContainerItemProxy */;
			sourceTree = BUILT_PRODUCTS_DIR;
		};
		07B8CB911EC8030C003570BF /* ChartsTests.xctest */ = {
			isa = PBXReferenceProxy;
			fileType = wrapper.cfbundle;
			path = ChartsTests.xctest;
			remoteRef = 07B8CB901EC8030C003570BF /* PBXContainerItemProxy */;
			sourceTree = BUILT_PRODUCTS_DIR;
		};
/* End PBXReferenceProxy section */

/* Begin PBXResourcesBuildPhase section */
		83D84E911E136BB100FF2B04 /* Resources */ = {
			isa = PBXResourcesBuildPhase;
			buildActionMask = 2147483647;
			files = (
				8385B9561E5C0334000C53A0 /* lifetime_db.db in Resources */,
				83D84EA61E136BB100FF2B04 /* LaunchScreen.storyboard in Resources */,
				83D84EA31E136BB100FF2B04 /* Assets.xcassets in Resources */,
				83D84EA11E136BB100FF2B04 /* Main.storyboard in Resources */,
			);
			runOnlyForDeploymentPostprocessing = 0;
		};
/* End PBXResourcesBuildPhase section */

/* Begin PBXSourcesBuildPhase section */
		83D84E8F1E136BB100FF2B04 /* Sources */ = {
			isa = PBXSourcesBuildPhase;
			buildActionMask = 2147483647;
			files = (
				8385BE0F1E25B6770081A8C3 /* EFCircularSlider.m in Sources */,
				073203EA1E5206FA00991F19 /* EfficiencyViewController.m in Sources */,
				076F3DB31E17771E006999E9 /* Timer.m in Sources */,
				07E14DB71E136E11002A6ED0 /* TimerViewController.m in Sources */,
				83D84E9B1E136BB100FF2B04 /* AppDelegate.m in Sources */,
				83D84E981E136BB100FF2B04 /* main.m in Sources */,
				07ADCFAC1E1C75F600EA7BA9 /* Activity.m in Sources */,
				836E08D91E175F0D00B3FEA5 /* DBManager.m in Sources */,
			);
			runOnlyForDeploymentPostprocessing = 0;
		};
/* End PBXSourcesBuildPhase section */

/* Begin PBXTargetDependency section */
		07B8CB951EC80312003570BF /* PBXTargetDependency */ = {
			isa = PBXTargetDependency;
			name = Charts;
			targetProxy = 07B8CB941EC80312003570BF /* PBXContainerItemProxy */;
		};
/* End PBXTargetDependency section */

/* Begin PBXVariantGroup section */
		83D84E9F1E136BB100FF2B04 /* Main.storyboard */ = {
			isa = PBXVariantGroup;
			children = (
				83D84EA01E136BB100FF2B04 /* Base */,
			);
			name = Main.storyboard;
			sourceTree = "<group>";
		};
		83D84EA41E136BB100FF2B04 /* LaunchScreen.storyboard */ = {
			isa = PBXVariantGroup;
			children = (
				83D84EA51E136BB100FF2B04 /* Base */,
			);
			name = LaunchScreen.storyboard;
			sourceTree = "<group>";
		};
/* End PBXVariantGroup section */

/* Begin XCBuildConfiguration section */
		83D84EA81E136BB100FF2B04 /* Debug */ = {
			isa = XCBuildConfiguration;
			buildSettings = {
				ALWAYS_SEARCH_USER_PATHS = NO;
				CLANG_ANALYZER_NONNULL = YES;
				CLANG_CXX_LANGUAGE_STANDARD = "gnu++0x";
				CLANG_CXX_LIBRARY = "libc++";
				CLANG_ENABLE_MODULES = YES;
				CLANG_ENABLE_OBJC_ARC = YES;
				CLANG_WARN_BOOL_CONVERSION = YES;
				CLANG_WARN_CONSTANT_CONVERSION = YES;
				CLANG_WARN_DIRECT_OBJC_ISA_USAGE = YES_ERROR;
				CLANG_WARN_DOCUMENTATION_COMMENTS = YES;
				CLANG_WARN_EMPTY_BODY = YES;
				CLANG_WARN_ENUM_CONVERSION = YES;
				CLANG_WARN_INFINITE_RECURSION = YES;
				CLANG_WARN_INT_CONVERSION = YES;
				CLANG_WARN_OBJC_ROOT_CLASS = YES_ERROR;
				CLANG_WARN_SUSPICIOUS_MOVE = YES;
				CLANG_WARN_UNREACHABLE_CODE = YES;
				CLANG_WARN__DUPLICATE_METHOD_MATCH = YES;
				"CODE_SIGN_IDENTITY[sdk=iphoneos*]" = "iPhone Developer";
				COPY_PHASE_STRIP = NO;
				DEBUG_INFORMATION_FORMAT = dwarf;
				ENABLE_STRICT_OBJC_MSGSEND = YES;
				ENABLE_TESTABILITY = YES;
				GCC_C_LANGUAGE_STANDARD = gnu99;
				GCC_DYNAMIC_NO_PIC = NO;
				GCC_NO_COMMON_BLOCKS = YES;
				GCC_OPTIMIZATION_LEVEL = 0;
				GCC_PREPROCESSOR_DEFINITIONS = (
					"DEBUG=1",
					"$(inherited)",
				);
				GCC_WARN_64_TO_32_BIT_CONVERSION = YES;
				GCC_WARN_ABOUT_RETURN_TYPE = YES_ERROR;
				GCC_WARN_UNDECLARED_SELECTOR = YES;
				GCC_WARN_UNINITIALIZED_AUTOS = YES_AGGRESSIVE;
				GCC_WARN_UNUSED_FUNCTION = YES;
				GCC_WARN_UNUSED_VARIABLE = YES;
				IPHONEOS_DEPLOYMENT_TARGET = 10.2;
				MTL_ENABLE_DEBUG_INFO = YES;
				ONLY_ACTIVE_ARCH = YES;
				SDKROOT = iphoneos;
				TARGETED_DEVICE_FAMILY = "1,2";
			};
			name = Debug;
		};
		83D84EA91E136BB100FF2B04 /* Release */ = {
			isa = XCBuildConfiguration;
			buildSettings = {
				ALWAYS_SEARCH_USER_PATHS = NO;
				CLANG_ANALYZER_NONNULL = YES;
				CLANG_CXX_LANGUAGE_STANDARD = "gnu++0x";
				CLANG_CXX_LIBRARY = "libc++";
				CLANG_ENABLE_MODULES = YES;
				CLANG_ENABLE_OBJC_ARC = YES;
				CLANG_WARN_BOOL_CONVERSION = YES;
				CLANG_WARN_CONSTANT_CONVERSION = YES;
				CLANG_WARN_DIRECT_OBJC_ISA_USAGE = YES_ERROR;
				CLANG_WARN_DOCUMENTATION_COMMENTS = YES;
				CLANG_WARN_EMPTY_BODY = YES;
				CLANG_WARN_ENUM_CONVERSION = YES;
				CLANG_WARN_INFINITE_RECURSION = YES;
				CLANG_WARN_INT_CONVERSION = YES;
				CLANG_WARN_OBJC_ROOT_CLASS = YES_ERROR;
				CLANG_WARN_SUSPICIOUS_MOVE = YES;
				CLANG_WARN_UNREACHABLE_CODE = YES;
				CLANG_WARN__DUPLICATE_METHOD_MATCH = YES;
				"CODE_SIGN_IDENTITY[sdk=iphoneos*]" = "iPhone Developer";
				COPY_PHASE_STRIP = NO;
				DEBUG_INFORMATION_FORMAT = "dwarf-with-dsym";
				ENABLE_NS_ASSERTIONS = NO;
				ENABLE_STRICT_OBJC_MSGSEND = YES;
				GCC_C_LANGUAGE_STANDARD = gnu99;
				GCC_NO_COMMON_BLOCKS = YES;
				GCC_WARN_64_TO_32_BIT_CONVERSION = YES;
				GCC_WARN_ABOUT_RETURN_TYPE = YES_ERROR;
				GCC_WARN_UNDECLARED_SELECTOR = YES;
				GCC_WARN_UNINITIALIZED_AUTOS = YES_AGGRESSIVE;
				GCC_WARN_UNUSED_FUNCTION = YES;
				GCC_WARN_UNUSED_VARIABLE = YES;
				IPHONEOS_DEPLOYMENT_TARGET = 10.2;
				MTL_ENABLE_DEBUG_INFO = NO;
				SDKROOT = iphoneos;
				TARGETED_DEVICE_FAMILY = "1,2";
				VALIDATE_PRODUCT = YES;
			};
			name = Release;
		};
		83D84EAB1E136BB100FF2B04 /* Debug */ = {
			isa = XCBuildConfiguration;
			buildSettings = {
				ALWAYS_EMBED_SWIFT_STANDARD_LIBRARIES = YES;
				ASSETCATALOG_COMPILER_APPICON_NAME = AppIcon;
				INFOPLIST_FILE = LifeTime/Info.plist;
				LD_RUNPATH_SEARCH_PATHS = "$(inherited) @executable_path/Frameworks";
				PRODUCT_BUNDLE_IDENTIFIER = com.DaekunKim.LifeTime;
				PRODUCT_NAME = "$(TARGET_NAME)";
			};
			name = Debug;
		};
		83D84EAC1E136BB100FF2B04 /* Release */ = {
			isa = XCBuildConfiguration;
			buildSettings = {
				ALWAYS_EMBED_SWIFT_STANDARD_LIBRARIES = YES;
				ASSETCATALOG_COMPILER_APPICON_NAME = AppIcon;
				INFOPLIST_FILE = LifeTime/Info.plist;
				LD_RUNPATH_SEARCH_PATHS = "$(inherited) @executable_path/Frameworks";
				PRODUCT_BUNDLE_IDENTIFIER = com.DaekunKim.LifeTime;
				PRODUCT_NAME = "$(TARGET_NAME)";
			};
			name = Release;
		};
/* End XCBuildConfiguration section */

/* Begin XCConfigurationList section */
		83D84E8E1E136BB100FF2B04 /* Build configuration list for PBXProject "LifeTime" */ = {
			isa = XCConfigurationList;
			buildConfigurations = (
				83D84EA81E136BB100FF2B04 /* Debug */,
				83D84EA91E136BB100FF2B04 /* Release */,
			);
			defaultConfigurationIsVisible = 0;
			defaultConfigurationName = Release;
		};
		83D84EAA1E136BB100FF2B04 /* Build configuration list for PBXNativeTarget "LifeTime" */ = {
			isa = XCConfigurationList;
			buildConfigurations = (
				83D84EAB1E136BB100FF2B04 /* Debug */,
				83D84EAC1E136BB100FF2B04 /* Release */,
			);
			defaultConfigurationIsVisible = 0;
			defaultConfigurationName = Release;
		};
/* End XCConfigurationList section */
	};
	rootObject = 83D84E8B1E136BB100FF2B04 /* Project object */;
}
